{
  "name": "vite-template-solid",
  "version": "0.0.0",
  "lockfileVersion": 1,
  "requires": true,
  "dependencies": {
    "monocle-ts": {
      "version": "2.3.12",
      "resolved": "https://registry.npmjs.org/monocle-ts/-/monocle-ts-2.3.12.tgz",
      "integrity": "sha512-mf753m69aRNApcL2KCKfLRwfWbraeqQfRRgm3a8D+5lvkhCcMtVp8/vnM04Cmhsd6YXJeInMeQFFETrd7jWYww=="
    },
    "typescript": {
      "version": "4.5.5",
      "resolved": "https://registry.npmjs.org/typescript/-/typescript-4.5.5.tgz",
      "integrity": "sha512-TCTIul70LyWe6IJWT8QSYeA54WQe8EjQFU4wY52Fasj5UKx88LNYKCgBEHcOMOrFF1rKGbD8v/xcNWVUq9SymA==",
      "dev": true
    }
  }
}
