{
  "name": "vite-template-solid",
  "version": "0.0.0",
  "lockfileVersion": 1,
  "requires": true,
  "dependencies": {
    "@types/p5": {
      "version": "1.4.1",
      "resolved": "https://registry.npmjs.org/@types/p5/-/p5-1.4.1.tgz",
      "integrity": "sha512-POOcX1kJYUyvnqug+Zb3XLfR5uzbyrrmxrhOkiGEGFsb6KDtxDrsGYvso5gj2u9DbPf9NBIL3T0m51vzXfdpeA==",
      "dev": true
    },
    "monocle-ts": {
      "version": "2.3.12",
      "resolved": "https://registry.npmjs.org/monocle-ts/-/monocle-ts-2.3.12.tgz",
      "integrity": "sha512-mf753m69aRNApcL2KCKfLRwfWbraeqQfRRgm3a8D+5lvkhCcMtVp8/vnM04Cmhsd6YXJeInMeQFFETrd7jWYww=="
    },
    "p5": {
      "version": "1.4.1",
      "resolved": "https://registry.npmjs.org/p5/-/p5-1.4.1.tgz",
      "integrity": "sha512-3/X+qb0bK2Cg8nuZNpZZvzxkeUSRghOf0S+l8c+U8yIkUTVSbbcV0R8y96rx3InVBVhk8cH9kFC93VlZZElqSw=="
    },
    "typescript": {
      "version": "4.5.5",
      "resolved": "https://registry.npmjs.org/typescript/-/typescript-4.5.5.tgz",
      "integrity": "sha512-TCTIul70LyWe6IJWT8QSYeA54WQe8EjQFU4wY52Fasj5UKx88LNYKCgBEHcOMOrFF1rKGbD8v/xcNWVUq9SymA==",
      "dev": true
    }
  }
}
